{
    "_readme": [
        "This file locks the dependencies of your project to a known state",
        "Read more about it at https://getcomposer.org/doc/01-basic-usage.md#composer-lock-the-lock-file",
        "This file is @generated automatically"
    ],
    "content-hash": "9f6d76f705c93d7e7eb4a68d1270a9a5",
    "packages": [
        {
            "name": "dendude/simple-date-helper",
            "version": "dev-master",
            "source": {
                "type": "git",
                "url": "https://github.com/dendude/simple-date-helper.git",
                "reference": "90f06b4bb9e51efee044ce08c4546150b949548a"
            },
            "dist": {
                "type": "zip",
                "url": "https://api.github.com/repos/dendude/simple-date-helper/zipball/90f06b4bb9e51efee044ce08c4546150b949548a",
                "reference": "90f06b4bb9e51efee044ce08c4546150b949548a",
                "shasum": ""
            },
            "require": {
                "php": ">=7.1"
            },
            "type": "library",
            "notification-url": "https://packagist.org/downloads/",
            "license": [
                "MIT"
            ],
            "authors": [
                {
                    "name": "Denis Kravtsov",
                    "email": "denis.kravtsov.1986@mail.ru"
                }
            ],
            "description": "Simple date formatter",
            "time": "2018-08-05T19:35:14+00:00"
        }
    ],
    "packages-dev": [],
    "aliases": [],
    "minimum-stability": "stable",
    "stability-flags": {
        "dendude/simple-date-helper": 20
    },
    "prefer-stable": false,
    "prefer-lowest": false,
    "platform": {
        "php": ">=7.1"
    },
    "platform-dev": []
}
